
Microsoft Visual Studio Solution File, Format Version 12.00
Project("{FAE04EC0-301F-11D3-BF4B-00C04F79EFBC}") = "Carried.Idempotency", "src\Carried.Idempotency\Carried.Idempotency.csproj", "{8E8A2892-9176-4EB1-B3E4-3E2863478BE9}"
EndProject
Project("{2150E333-8FDC-42A3-9474-1A3956D46DE8}") = "src", "src", "{6C54E45C-9729-4D5C-8F50-3E9FCB7A6FDB}"
EndProject
Project("{2150E333-8FDC-42A3-9474-1A3956D46DE8}") = "tests", "tests", "{4616ACCC-DFB2-43F8-AFBD-143FBBC450D3}"
EndProject
Project("{FAE04EC0-301F-11D3-BF4B-00C04F79EFBC}") = "Carried.Idempotency.Tests", "tests\Carried.Idempotency.Tests\Carried.Idempotency.Tests.csproj", "{E59BAB74-42BC-4195-A8A5-C7A49ABCC956}"
EndProject
Project("{FAE04EC0-301F-11D3-BF4B-00C04F79EFBC}") = "Carried.Idempotency.AspNet", "src\Carried.Idempotency.AspNet\Carried.Idempotency.AspNet.csproj", "{BDFF2026-0764-4214-AB5C-837935DCA79C}"
EndProject
Project("{FAE04EC0-301F-11D3-BF4B-00C04F79EFBC}") = "Carried.Idempotency.AspNet.Tests", "tests\Carried.Idempotency.AspNet.Tests\Carried.Idempotency.AspNet.Tests.csproj", "{4B8B58F7-2382-4A2D-B3A3-B8F29907943C}"
EndProject
Project("{2150E333-8FDC-42A3-9474-1A3956D46DE8}") = "examples", "examples", "{F54961EB-725C-4307-BCB9-339E72A6FBF0}"
EndProject
Project("{FAE04EC0-301F-11D3-BF4B-00C04F79EFBC}") = "Carried.Idempotency.ExampleApi", "examples\Carried.Idempotency.ExampleApi\Carried.Idempotency.ExampleApi.csproj", "{82A71A14-460C-4D1F-872F-76F4431B5BAE}"
EndProject
Project("{FAE04EC0-301F-11D3-BF4B-00C04F79EFBC}") = "Carried.Idempotency.Redis", "src\Carried.Idempotency.Redis\Carried.Idempotency.Redis.csproj", "{25C663B5-998C-48F8-8726-E55BFB3BDE71}"
EndProject
Project("{FAE04EC0-301F-11D3-BF4B-00C04F79EFBC}") = "Carried.Idempotency.Redis.Tests", "tests\Carried.Idempotency.Redis.Tests\Carried.Idempotency.Redis.Tests.csproj", "{8B0946AF-441B-4E2C-B267-8A46DFBBC066}"
EndProject
Project("{FAE04EC0-301F-11D3-BF4B-00C04F79EFBC}") = "Carried.Idempotency.DependencyInjection", "src\Carried.Idempotency.DependencyInjection\Carried.Idempotency.DependencyInjection.csproj", "{D84A2FD4-ED60-4D6F-A8ED-A16685C66A00}"
EndProject
Project("{FAE04EC0-301F-11D3-BF4B-00C04F79EFBC}") = "Carried.Idempotency.EntityFrameworkCore", "src\Carried.Idempotency.EntityFrameworkCore\Carried.Idempotency.EntityFrameworkCore.csproj", "{C808EA0E-ECB7-4202-A969-BD09883C6CD5}"
EndProject
Project("{FAE04EC0-301F-11D3-BF4B-00C04F79EFBC}") = "Carried.Idempotency.EFCore.Tests", "tests\Carried.Idempotency.EFCore.Tests\Carried.Idempotency.EFCore.Tests.csproj", "{2BC69790-6C2B-42C4-81A9-D3DC2066ACBE}"
EndProject
Global
	GlobalSection(SolutionConfigurationPlatforms) = preSolution
		Debug|Any CPU = Debug|Any CPU
		Release|Any CPU = Release|Any CPU
	EndGlobalSection
	GlobalSection(ProjectConfigurationPlatforms) = postSolution
		{8E8A2892-9176-4EB1-B3E4-3E2863478BE9}.Debug|Any CPU.ActiveCfg = Debug|Any CPU
		{8E8A2892-9176-4EB1-B3E4-3E2863478BE9}.Debug|Any CPU.Build.0 = Debug|Any CPU
		{8E8A2892-9176-4EB1-B3E4-3E2863478BE9}.Release|Any CPU.ActiveCfg = Release|Any CPU
		{8E8A2892-9176-4EB1-B3E4-3E2863478BE9}.Release|Any CPU.Build.0 = Release|Any CPU
		{E59BAB74-42BC-4195-A8A5-C7A49ABCC956}.Debug|Any CPU.ActiveCfg = Debug|Any CPU
		{E59BAB74-42BC-4195-A8A5-C7A49ABCC956}.Debug|Any CPU.Build.0 = Debug|Any CPU
		{E59BAB74-42BC-4195-A8A5-C7A49ABCC956}.Release|Any CPU.ActiveCfg = Release|Any CPU
		{E59BAB74-42BC-4195-A8A5-C7A49ABCC956}.Release|Any CPU.Build.0 = Release|Any CPU
		{BDFF2026-0764-4214-AB5C-837935DCA79C}.Debug|Any CPU.ActiveCfg = Debug|Any CPU
		{BDFF2026-0764-4214-AB5C-837935DCA79C}.Debug|Any CPU.Build.0 = Debug|Any CPU
		{BDFF2026-0764-4214-AB5C-837935DCA79C}.Release|Any CPU.ActiveCfg = Release|Any CPU
		{BDFF2026-0764-4214-AB5C-837935DCA79C}.Release|Any CPU.Build.0 = Release|Any CPU
		{4B8B58F7-2382-4A2D-B3A3-B8F29907943C}.Debug|Any CPU.ActiveCfg = Debug|Any CPU
		{4B8B58F7-2382-4A2D-B3A3-B8F29907943C}.Debug|Any CPU.Build.0 = Debug|Any CPU
		{4B8B58F7-2382-4A2D-B3A3-B8F29907943C}.Release|Any CPU.ActiveCfg = Release|Any CPU
		{4B8B58F7-2382-4A2D-B3A3-B8F29907943C}.Release|Any CPU.Build.0 = Release|Any CPU
		{82A71A14-460C-4D1F-872F-76F4431B5BAE}.Debug|Any CPU.ActiveCfg = Debug|Any CPU
		{82A71A14-460C-4D1F-872F-76F4431B5BAE}.Debug|Any CPU.Build.0 = Debug|Any CPU
		{82A71A14-460C-4D1F-872F-76F4431B5BAE}.Release|Any CPU.ActiveCfg = Release|Any CPU
		{82A71A14-460C-4D1F-872F-76F4431B5BAE}.Release|Any CPU.Build.0 = Release|Any CPU
		{25C663B5-998C-48F8-8726-E55BFB3BDE71}.Debug|Any CPU.ActiveCfg = Debug|Any CPU
		{25C663B5-998C-48F8-8726-E55BFB3BDE71}.Debug|Any CPU.Build.0 = Debug|Any CPU
		{25C663B5-998C-48F8-8726-E55BFB3BDE71}.Release|Any CPU.ActiveCfg = Release|Any CPU
		{25C663B5-998C-48F8-8726-E55BFB3BDE71}.Release|Any CPU.Build.0 = Release|Any CPU
		{8B0946AF-441B-4E2C-B267-8A46DFBBC066}.Debug|Any CPU.ActiveCfg = Debug|Any CPU
		{8B0946AF-441B-4E2C-B267-8A46DFBBC066}.Debug|Any CPU.Build.0 = Debug|Any CPU
		{8B0946AF-441B-4E2C-B267-8A46DFBBC066}.Release|Any CPU.ActiveCfg = Release|Any CPU
		{8B0946AF-441B-4E2C-B267-8A46DFBBC066}.Release|Any CPU.Build.0 = Release|Any CPU
		{D84A2FD4-ED60-4D6F-A8ED-A16685C66A00}.Debug|Any CPU.ActiveCfg = Debug|Any CPU
		{D84A2FD4-ED60-4D6F-A8ED-A16685C66A00}.Debug|Any CPU.Build.0 = Debug|Any CPU
		{D84A2FD4-ED60-4D6F-A8ED-A16685C66A00}.Release|Any CPU.ActiveCfg = Release|Any CPU
		{D84A2FD4-ED60-4D6F-A8ED-A16685C66A00}.Release|Any CPU.Build.0 = Release|Any CPU
		{C808EA0E-ECB7-4202-A969-BD09883C6CD5}.Debug|Any CPU.ActiveCfg = Debug|Any CPU
		{C808EA0E-ECB7-4202-A969-BD09883C6CD5}.Debug|Any CPU.Build.0 = Debug|Any CPU
		{C808EA0E-ECB7-4202-A969-BD09883C6CD5}.Release|Any CPU.ActiveCfg = Release|Any CPU
		{C808EA0E-ECB7-4202-A969-BD09883C6CD5}.Release|Any CPU.Build.0 = Release|Any CPU
		{2BC69790-6C2B-42C4-81A9-D3DC2066ACBE}.Debug|Any CPU.ActiveCfg = Debug|Any CPU
		{2BC69790-6C2B-42C4-81A9-D3DC2066ACBE}.Debug|Any CPU.Build.0 = Debug|Any CPU
		{2BC69790-6C2B-42C4-81A9-D3DC2066ACBE}.Release|Any CPU.ActiveCfg = Release|Any CPU
		{2BC69790-6C2B-42C4-81A9-D3DC2066ACBE}.Release|Any CPU.Build.0 = Release|Any CPU
	EndGlobalSection
	GlobalSection(NestedProjects) = preSolution
		{8E8A2892-9176-4EB1-B3E4-3E2863478BE9} = {6C54E45C-9729-4D5C-8F50-3E9FCB7A6FDB}
		{E59BAB74-42BC-4195-A8A5-C7A49ABCC956} = {4616ACCC-DFB2-43F8-AFBD-143FBBC450D3}
		{BDFF2026-0764-4214-AB5C-837935DCA79C} = {6C54E45C-9729-4D5C-8F50-3E9FCB7A6FDB}
		{4B8B58F7-2382-4A2D-B3A3-B8F29907943C} = {4616ACCC-DFB2-43F8-AFBD-143FBBC450D3}
		{82A71A14-460C-4D1F-872F-76F4431B5BAE} = {F54961EB-725C-4307-BCB9-339E72A6FBF0}
		{25C663B5-998C-48F8-8726-E55BFB3BDE71} = {6C54E45C-9729-4D5C-8F50-3E9FCB7A6FDB}
		{8B0946AF-441B-4E2C-B267-8A46DFBBC066} = {4616ACCC-DFB2-43F8-AFBD-143FBBC450D3}
		{D84A2FD4-ED60-4D6F-A8ED-A16685C66A00} = {6C54E45C-9729-4D5C-8F50-3E9FCB7A6FDB}
		{C808EA0E-ECB7-4202-A969-BD09883C6CD5} = {6C54E45C-9729-4D5C-8F50-3E9FCB7A6FDB}
		{2BC69790-6C2B-42C4-81A9-D3DC2066ACBE} = {4616ACCC-DFB2-43F8-AFBD-143FBBC450D3}
	EndGlobalSection
EndGlobal
